
Microsoft Visual Studio Solution File, Format Version 12.00
# Visual Studio 15
VisualStudioVersion = 15.0.27703.2035
MinimumVisualStudioVersion = 10.0.40219.1
Project("{FAE04EC0-301F-11D3-BF4B-00C04F79EFBC}") = "lemonadeStand", "lemonadeStand\lemonadeStand.csproj", "{0F515DF6-8316-4905-B527-567AF22F1A69}"
EndProject
Project("{FAE04EC0-301F-11D3-BF4B-00C04F79EFBC}") = "lemonade_test", "lemonade_test\lemonade_test.csproj", "{314E7AFD-0F24-4DD0-B888-F605919864D4}"
EndProject
Global
	GlobalSection(SolutionConfigurationPlatforms) = preSolution
		Debug|Any CPU = Debug|Any CPU
		Debug|ARM = Debug|ARM
		Debug|x64 = Debug|x64
		Debug|x86 = Debug|x86
		Release|Any CPU = Release|Any CPU
		Release|ARM = Release|ARM
		Release|x64 = Release|x64
		Release|x86 = Release|x86
	EndGlobalSection
	GlobalSection(ProjectConfigurationPlatforms) = postSolution
		{0F515DF6-8316-4905-B527-567AF22F1A69}.Debug|Any CPU.ActiveCfg = Debug|Any CPU
		{0F515DF6-8316-4905-B527-567AF22F1A69}.Debug|Any CPU.Build.0 = Debug|Any CPU
		{0F515DF6-8316-4905-B527-567AF22F1A69}.Debug|ARM.ActiveCfg = Debug|Any CPU
		{0F515DF6-8316-4905-B527-567AF22F1A69}.Debug|ARM.Build.0 = Debug|Any CPU
		{0F515DF6-8316-4905-B527-567AF22F1A69}.Debug|x64.ActiveCfg = Debug|Any CPU
		{0F515DF6-8316-4905-B527-567AF22F1A69}.Debug|x64.Build.0 = Debug|Any CPU
		{0F515DF6-8316-4905-B527-567AF22F1A69}.Debug|x86.ActiveCfg = Debug|Any CPU
		{0F515DF6-8316-4905-B527-567AF22F1A69}.Debug|x86.Build.0 = Debug|Any CPU
		{0F515DF6-8316-4905-B527-567AF22F1A69}.Release|Any CPU.ActiveCfg = Release|Any CPU
		{0F515DF6-8316-4905-B527-567AF22F1A69}.Release|Any CPU.Build.0 = Release|Any CPU
		{0F515DF6-8316-4905-B527-567AF22F1A69}.Release|ARM.ActiveCfg = Release|Any CPU
		{0F515DF6-8316-4905-B527-567AF22F1A69}.Release|ARM.Build.0 = Release|Any CPU
		{0F515DF6-8316-4905-B527-567AF22F1A69}.Release|x64.ActiveCfg = Release|Any CPU
		{0F515DF6-8316-4905-B527-567AF22F1A69}.Release|x64.Build.0 = Release|Any CPU
		{0F515DF6-8316-4905-B527-567AF22F1A69}.Release|x86.ActiveCfg = Release|Any CPU
		{0F515DF6-8316-4905-B527-567AF22F1A69}.Release|x86.Build.0 = Release|Any CPU
		{314E7AFD-0F24-4DD0-B888-F605919864D4}.Debug|Any CPU.ActiveCfg = Debug|Any CPU
		{314E7AFD-0F24-4DD0-B888-F605919864D4}.Debug|Any CPU.Build.0 = Debug|Any CPU
		{314E7AFD-0F24-4DD0-B888-F605919864D4}.Debug|ARM.ActiveCfg = Debug|Any CPU
		{314E7AFD-0F24-4DD0-B888-F605919864D4}.Debug|ARM.Build.0 = Debug|Any CPU
		{314E7AFD-0F24-4DD0-B888-F605919864D4}.Debug|x64.ActiveCfg = Debug|Any CPU
		{314E7AFD-0F24-4DD0-B888-F605919864D4}.Debug|x64.Build.0 = Debug|Any CPU
		{314E7AFD-0F24-4DD0-B888-F605919864D4}.Debug|x86.ActiveCfg = Debug|Any CPU
		{314E7AFD-0F24-4DD0-B888-F605919864D4}.Debug|x86.Build.0 = Debug|Any CPU
		{314E7AFD-0F24-4DD0-B888-F605919864D4}.Release|Any CPU.ActiveCfg = Release|Any CPU
		{314E7AFD-0F24-4DD0-B888-F605919864D4}.Release|Any CPU.Build.0 = Release|Any CPU
		{314E7AFD-0F24-4DD0-B888-F605919864D4}.Release|ARM.ActiveCfg = Release|Any CPU
		{314E7AFD-0F24-4DD0-B888-F605919864D4}.Release|ARM.Build.0 = Release|Any CPU
		{314E7AFD-0F24-4DD0-B888-F605919864D4}.Release|x64.ActiveCfg = Release|Any CPU
		{314E7AFD-0F24-4DD0-B888-F605919864D4}.Release|x64.Build.0 = Release|Any CPU
		{314E7AFD-0F24-4DD0-B888-F605919864D4}.Release|x86.ActiveCfg = Release|Any CPU
		{314E7AFD-0F24-4DD0-B888-F605919864D4}.Release|x86.Build.0 = Release|Any CPU
	EndGlobalSection
	GlobalSection(SolutionProperties) = preSolution
		HideSolutionNode = FALSE
	EndGlobalSection
	GlobalSection(ExtensibilityGlobals) = postSolution
		SolutionGuid = {70A95982-9047-402C-8C82-1EB0EABD1581}
	EndGlobalSection
EndGlobal
